
Microsoft Visual Studio Solution File, Format Version 12.00
# Visual Studio Version 16
VisualStudioVersion = 16.0.31105.61
MinimumVisualStudioVersion = 10.0.40219.1
Project("{9A19103F-16F7-4668-BE54-9A1E7A4F7556}") = "Facade", "Facade\Facade.csproj", "{F3AA00EA-9AEF-4DA3-94B2-9D89C6C23B36}"
EndProject
Project("{9A19103F-16F7-4668-BE54-9A1E7A4F7556}") = "XUnitText", "XUnitText\XUnitText.csproj", "{5356F915-0150-4B92-9867-D2B5797A7494}"
EndProject
Project("{9A19103F-16F7-4668-BE54-9A1E7A4F7556}") = "Interface", "Interface\Interface.csproj", "{9F786F06-1EC9-464B-930B-E61367145E0F}"
EndProject
Project("{9A19103F-16F7-4668-BE54-9A1E7A4F7556}") = "Entity", "Entity\Entity.csproj", "{3B5225CE-0158-4DF8-92D4-DFE4E372B82C}"
EndProject
Project("{9A19103F-16F7-4668-BE54-9A1E7A4F7556}") = "Business", "Business\Business.csproj", "{9FC8AF2D-CE91-4238-A544-174D097A2DA6}"
EndProject
Project("{9A19103F-16F7-4668-BE54-9A1E7A4F7556}") = "Component", "Component\Component.csproj", "{A0E1AE51-C2BD-4530-86A6-D71EEF75CC1C}"
EndProject
Project("{9A19103F-16F7-4668-BE54-9A1E7A4F7556}") = "Person", "Person\Person.csproj", "{686236DD-8A16-4AF0-8EE3-E0B0DA082949}"
EndProject
Project("{9A19103F-16F7-4668-BE54-9A1E7A4F7556}") = "GMSystem", "GMSystem\GMSystem.csproj", "{906E22BA-1E47-4420-A00F-69A338EDDEB4}"
EndProject
Project("{9A19103F-16F7-4668-BE54-9A1E7A4F7556}") = "Relation", "Relation\Relation.csproj", "{FA38EF4A-0415-4E1F-B1C6-6A7D8C745F8D}"
EndProject
Project("{9A19103F-16F7-4668-BE54-9A1E7A4F7556}") = "Branch", "Branch\Branch.csproj", "{0B4101EF-67B0-4C19-85FE-5158DA84E440}"
EndProject
Project("{9A19103F-16F7-4668-BE54-9A1E7A4F7556}") = "Date", "Date\Date.csproj", "{881506F5-4646-4D6E-A2A4-1C9779692AE1}"
EndProject
Project("{FAE04EC0-301F-11D3-BF4B-00C04F79EFBC}") = "Society", "Society\Society.csproj", "{538E5822-D942-45E4-8D43-D2A1453243AA}"
EndProject
Global
	GlobalSection(SolutionConfigurationPlatforms) = preSolution
		Debug|Any CPU = Debug|Any CPU
		Release|Any CPU = Release|Any CPU
	EndGlobalSection
	GlobalSection(ProjectConfigurationPlatforms) = postSolution
		{F3AA00EA-9AEF-4DA3-94B2-9D89C6C23B36}.Debug|Any CPU.ActiveCfg = Debug|Any CPU
		{F3AA00EA-9AEF-4DA3-94B2-9D89C6C23B36}.Debug|Any CPU.Build.0 = Debug|Any CPU
		{F3AA00EA-9AEF-4DA3-94B2-9D89C6C23B36}.Release|Any CPU.ActiveCfg = Release|Any CPU
		{F3AA00EA-9AEF-4DA3-94B2-9D89C6C23B36}.Release|Any CPU.Build.0 = Release|Any CPU
		{5356F915-0150-4B92-9867-D2B5797A7494}.Debug|Any CPU.ActiveCfg = Debug|Any CPU
		{5356F915-0150-4B92-9867-D2B5797A7494}.Debug|Any CPU.Build.0 = Debug|Any CPU
		{5356F915-0150-4B92-9867-D2B5797A7494}.Release|Any CPU.ActiveCfg = Release|Any CPU
		{5356F915-0150-4B92-9867-D2B5797A7494}.Release|Any CPU.Build.0 = Release|Any CPU
		{9F786F06-1EC9-464B-930B-E61367145E0F}.Debug|Any CPU.ActiveCfg = Debug|Any CPU
		{9F786F06-1EC9-464B-930B-E61367145E0F}.Debug|Any CPU.Build.0 = Debug|Any CPU
		{9F786F06-1EC9-464B-930B-E61367145E0F}.Release|Any CPU.ActiveCfg = Release|Any CPU
		{9F786F06-1EC9-464B-930B-E61367145E0F}.Release|Any CPU.Build.0 = Release|Any CPU
		{3B5225CE-0158-4DF8-92D4-DFE4E372B82C}.Debug|Any CPU.ActiveCfg = Debug|Any CPU
		{3B5225CE-0158-4DF8-92D4-DFE4E372B82C}.Debug|Any CPU.Build.0 = Debug|Any CPU
		{3B5225CE-0158-4DF8-92D4-DFE4E372B82C}.Release|Any CPU.ActiveCfg = Release|Any CPU
		{3B5225CE-0158-4DF8-92D4-DFE4E372B82C}.Release|Any CPU.Build.0 = Release|Any CPU
		{9FC8AF2D-CE91-4238-A544-174D097A2DA6}.Debug|Any CPU.ActiveCfg = Debug|Any CPU
		{9FC8AF2D-CE91-4238-A544-174D097A2DA6}.Debug|Any CPU.Build.0 = Debug|Any CPU
		{9FC8AF2D-CE91-4238-A544-174D097A2DA6}.Release|Any CPU.ActiveCfg = Release|Any CPU
		{9FC8AF2D-CE91-4238-A544-174D097A2DA6}.Release|Any CPU.Build.0 = Release|Any CPU
		{A0E1AE51-C2BD-4530-86A6-D71EEF75CC1C}.Debug|Any CPU.ActiveCfg = Debug|Any CPU
		{A0E1AE51-C2BD-4530-86A6-D71EEF75CC1C}.Debug|Any CPU.Build.0 = Debug|Any CPU
		{A0E1AE51-C2BD-4530-86A6-D71EEF75CC1C}.Release|Any CPU.ActiveCfg = Release|Any CPU
		{A0E1AE51-C2BD-4530-86A6-D71EEF75CC1C}.Release|Any CPU.Build.0 = Release|Any CPU
		{686236DD-8A16-4AF0-8EE3-E0B0DA082949}.Debug|Any CPU.ActiveCfg = Debug|Any CPU
		{686236DD-8A16-4AF0-8EE3-E0B0DA082949}.Debug|Any CPU.Build.0 = Debug|Any CPU
		{686236DD-8A16-4AF0-8EE3-E0B0DA082949}.Release|Any CPU.ActiveCfg = Release|Any CPU
		{686236DD-8A16-4AF0-8EE3-E0B0DA082949}.Release|Any CPU.Build.0 = Release|Any CPU
		{906E22BA-1E47-4420-A00F-69A338EDDEB4}.Debug|Any CPU.ActiveCfg = Debug|Any CPU
		{906E22BA-1E47-4420-A00F-69A338EDDEB4}.Debug|Any CPU.Build.0 = Debug|Any CPU
		{906E22BA-1E47-4420-A00F-69A338EDDEB4}.Release|Any CPU.ActiveCfg = Release|Any CPU
		{906E22BA-1E47-4420-A00F-69A338EDDEB4}.Release|Any CPU.Build.0 = Release|Any CPU
		{FA38EF4A-0415-4E1F-B1C6-6A7D8C745F8D}.Debug|Any CPU.ActiveCfg = Debug|Any CPU
		{FA38EF4A-0415-4E1F-B1C6-6A7D8C745F8D}.Debug|Any CPU.Build.0 = Debug|Any CPU
		{FA38EF4A-0415-4E1F-B1C6-6A7D8C745F8D}.Release|Any CPU.ActiveCfg = Release|Any CPU
		{FA38EF4A-0415-4E1F-B1C6-6A7D8C745F8D}.Release|Any CPU.Build.0 = Release|Any CPU
		{0B4101EF-67B0-4C19-85FE-5158DA84E440}.Debug|Any CPU.ActiveCfg = Debug|Any CPU
		{0B4101EF-67B0-4C19-85FE-5158DA84E440}.Debug|Any CPU.Build.0 = Debug|Any CPU
		{0B4101EF-67B0-4C19-85FE-5158DA84E440}.Release|Any CPU.ActiveCfg = Release|Any CPU
		{0B4101EF-67B0-4C19-85FE-5158DA84E440}.Release|Any CPU.Build.0 = Release|Any CPU
		{881506F5-4646-4D6E-A2A4-1C9779692AE1}.Debug|Any CPU.ActiveCfg = Debug|Any CPU
		{881506F5-4646-4D6E-A2A4-1C9779692AE1}.Debug|Any CPU.Build.0 = Debug|Any CPU
		{881506F5-4646-4D6E-A2A4-1C9779692AE1}.Release|Any CPU.ActiveCfg = Release|Any CPU
		{881506F5-4646-4D6E-A2A4-1C9779692AE1}.Release|Any CPU.Build.0 = Release|Any CPU
		{538E5822-D942-45E4-8D43-D2A1453243AA}.Debug|Any CPU.ActiveCfg = Debug|Any CPU
		{538E5822-D942-45E4-8D43-D2A1453243AA}.Debug|Any CPU.Build.0 = Debug|Any CPU
		{538E5822-D942-45E4-8D43-D2A1453243AA}.Release|Any CPU.ActiveCfg = Release|Any CPU
		{538E5822-D942-45E4-8D43-D2A1453243AA}.Release|Any CPU.Build.0 = Release|Any CPU
	EndGlobalSection
	GlobalSection(SolutionProperties) = preSolution
		HideSolutionNode = FALSE
	EndGlobalSection
	GlobalSection(ExtensibilityGlobals) = postSolution
		SolutionGuid = {5BDF879E-8EB5-4E5C-AD8A-43EC9D76A18A}
	EndGlobalSection
EndGlobal
